{
  "pins" : [
    {
      "identity" : "libphonenumber",
      "kind" : "remoteSourceControl",
      "location" : "https://github.com/alex1704/LibPhoneNumber",
      "state" : {
        "revision" : "038e232364f8c3ba07e3e6de28b6ce16f2ab6cfd",
        "version" : "1.0.0"
      }
    },
    {
      "identity" : "phonenumberinputview",
      "kind" : "remoteSourceControl",
      "location" : "https://github.com/alex1704/PhoneNumberInputView",
      "state" : {
        "revision" : "acdada7d124e5080ffeb41309421d388c773b4e6",
        "version" : "1.0.0"
      }
    }
  ],
  "version" : 2
}
